// !$*UTF8*$!
{
	archiveVersion = 1;
	classes = {
	};
	objectVersion = 50;
	objects = {

/* Begin PBXBuildFile section */
		8B91937A23B89F0C00533FA9 /* main.cpp in Sources */ = {isa = PBXBuildFile; fileRef = 8B91937923B89F0C00533FA9 /* main.cpp */; };
		8B91938A23B8CE5800533FA9 /* TestPeakFinder1D.mm in Sources */ = {isa = PBXBuildFile; fileRef = 8B91938923B8CE5800533FA9 /* TestPeakFinder1D.mm */; };
/* End PBXBuildFile section */

/* Begin PBXCopyFilesBuildPhase section */
		8B91937423B89F0C00533FA9 /* CopyFiles */ = {
			isa = PBXCopyFilesBuildPhase;
			buildActionMask = 2147483647;
			dstPath = /usr/share/man/man1/;
			dstSubfolderSpec = 0;
			files = (
			);
			runOnlyForDeploymentPostprocessing = 1;
		};
/* End PBXCopyFilesBuildPhase section */

/* Begin PBXFileReference section */
		8B91937623B89F0C00533FA9 /* PeakFinder */ = {isa = PBXFileReference; explicitFileType = "compiled.mach-o.executable"; includeInIndex = 0; path = PeakFinder; sourceTree = BUILT_PRODUCTS_DIR; };
		8B91937923B89F0C00533FA9 /* main.cpp */ = {isa = PBXFileReference; lastKnownFileType = sourcecode.cpp.cpp; path = main.cpp; sourceTree = "<group>"; };
		8B91938123B89F6D00533FA9 /* PeakFinder1D.hpp */ = {isa = PBXFileReference; lastKnownFileType = sourcecode.cpp.h; path = PeakFinder1D.hpp; sourceTree = "<group>"; };
		8B91938723B8CE5800533FA9 /* TestPeakFinder1D.xctest */ = {isa = PBXFileReference; explicitFileType = wrapper.cfbundle; includeInIndex = 0; path = TestPeakFinder1D.xctest; sourceTree = BUILT_PRODUCTS_DIR; };
		8B91938923B8CE5800533FA9 /* TestPeakFinder1D.mm */ = {isa = PBXFileReference; lastKnownFileType = sourcecode.cpp.objcpp; path = TestPeakFinder1D.mm; sourceTree = "<group>"; };
		8B91938B23B8CE5800533FA9 /* Info.plist */ = {isa = PBXFileReference; lastKnownFileType = text.plist.xml; path = Info.plist; sourceTree = "<group>"; };
/* End PBXFileReference section */

/* Begin PBXFrameworksBuildPhase section */
		8B91937323B89F0C00533FA9 /* Frameworks */ = {
			isa = PBXFrameworksBuildPhase;
			buildActionMask = 2147483647;
			files = (
			);
			runOnlyForDeploymentPostprocessing = 0;
		};
		8B91938423B8CE5800533FA9 /* Frameworks */ = {
			isa = PBXFrameworksBuildPhase;
			buildActionMask = 2147483647;
			files = (
			);
			runOnlyForDeploymentPostprocessing = 0;
		};
/* End PBXFrameworksBuildPhase section */

/* Begin PBXGroup section */
		8B91936D23B89F0C00533FA9 = {
			isa = PBXGroup;
			children = (
				8B91937823B89F0C00533FA9 /* PeakFinder */,
				8B91938823B8CE5800533FA9 /* TestPeakFinder1D */,
				8B91937723B89F0C00533FA9 /* Products */,
			);
			sourceTree = "<group>";
		};
		8B91937723B89F0C00533FA9 /* Products */ = {
			isa = PBXGroup;
			children = (
				8B91937623B89F0C00533FA9 /* PeakFinder */,
				8B91938723B8CE5800533FA9 /* TestPeakFinder1D.xctest */,
			);
			name = Products;
			sourceTree = "<group>";
		};
		8B91937823B89F0C00533FA9 /* PeakFinder */ = {
			isa = PBXGroup;
			children = (
				8B91937923B89F0C00533FA9 /* main.cpp */,
				8B91938123B89F6D00533FA9 /* PeakFinder1D.hpp */,
			);
			path = PeakFinder;
			sourceTree = "<group>";
		};
		8B91938823B8CE5800533FA9 /* TestPeakFinder1D */ = {
			isa = PBXGroup;
			children = (
				8B91938923B8CE5800533FA9 /* TestPeakFinder1D.mm */,
				8B91938B23B8CE5800533FA9 /* Info.plist */,
			);
			path = TestPeakFinder1D;
			sourceTree = "<group>";
		};
/* End PBXGroup section */

/* Begin PBXNativeTarget section */
		8B91937523B89F0C00533FA9 /* PeakFinder */ = {
			isa = PBXNativeTarget;
			buildConfigurationList = 8B91937D23B89F0C00533FA9 /* Build configuration list for PBXNativeTarget "PeakFinder" */;
			buildPhases = (
				8B91937223B89F0C00533FA9 /* Sources */,
				8B91937323B89F0C00533FA9 /* Frameworks */,
				8B91937423B89F0C00533FA9 /* CopyFiles */,
			);
			buildRules = (
			);
			dependencies = (
			);
			name = PeakFinder;
			productName = PeakFinder;
			productReference = 8B91937623B89F0C00533FA9 /* PeakFinder */;
			productType = "com.apple.product-type.tool";
		};
		8B91938623B8CE5800533FA9 /* TestPeakFinder1D */ = {
			isa = PBXNativeTarget;
			buildConfigurationList = 8B91938C23B8CE5800533FA9 /* Build configuration list for PBXNativeTarget "TestPeakFinder1D" */;
			buildPhases = (
				8B91938323B8CE5800533FA9 /* Sources */,
				8B91938423B8CE5800533FA9 /* Frameworks */,
				8B91938523B8CE5800533FA9 /* Resources */,
			);
			buildRules = (
			);
			dependencies = (
			);
			name = TestPeakFinder1D;
			productName = TestPeakFinder1D;
			productReference = 8B91938723B8CE5800533FA9 /* TestPeakFinder1D.xctest */;
			productType = "com.apple.product-type.bundle.unit-test";
		};
/* End PBXNativeTarget section */

/* Begin PBXProject section */
		8B91936E23B89F0C00533FA9 /* Project object */ = {
			isa = PBXProject;
			attributes = {
				LastUpgradeCheck = 1130;
				ORGANIZATIONNAME = "Holger Schmidt";
				TargetAttributes = {
					8B91937523B89F0C00533FA9 = {
						CreatedOnToolsVersion = 11.3;
					};
					8B91938623B8CE5800533FA9 = {
						CreatedOnToolsVersion = 11.3;
					};
				};
			};
			buildConfigurationList = 8B91937123B89F0C00533FA9 /* Build configuration list for PBXProject "PeakFinder" */;
			compatibilityVersion = "Xcode 9.3";
			developmentRegion = en;
			hasScannedForEncodings = 0;
			knownRegions = (
				en,
				Base,
			);
			mainGroup = 8B91936D23B89F0C00533FA9;
			productRefGroup = 8B91937723B89F0C00533FA9 /* Products */;
			projectDirPath = "";
			projectRoot = "";
			targets = (
				8B91937523B89F0C00533FA9 /* PeakFinder */,
				8B91938623B8CE5800533FA9 /* TestPeakFinder1D */,
			);
		};
/* End PBXProject section */

/* Begin PBXResourcesBuildPhase section */
		8B91938523B8CE5800533FA9 /* Resources */ = {
			isa = PBXResourcesBuildPhase;
			buildActionMask = 2147483647;
			files = (
			);
			runOnlyForDeploymentPostprocessing = 0;
		};
/* End PBXResourcesBuildPhase section */

/* Begin PBXSourcesBuildPhase section */
		8B91937223B89F0C00533FA9 /* Sources */ = {
			isa = PBXSourcesBuildPhase;
			buildActionMask = 2147483647;
			files = (
				8B91937A23B89F0C00533FA9 /* main.cpp in Sources */,
			);
			runOnlyForDeploymentPostprocessing = 0;
		};
		8B91938323B8CE5800533FA9 /* Sources */ = {
			isa = PBXSourcesBuildPhase;
			buildActionMask = 2147483647;
			files = (
				8B91938A23B8CE5800533FA9 /* TestPeakFinder1D.mm in Sources */,
			);
			runOnlyForDeploymentPostprocessing = 0;
		};
/* End PBXSourcesBuildPhase section */

/* Begin XCBuildConfiguration section */
		8B91937B23B89F0C00533FA9 /* Debug */ = {
			isa = XCBuildConfiguration;
			buildSettings = {
				ALWAYS_SEARCH_USER_PATHS = NO;
				CLANG_ANALYZER_NONNULL = YES;
				CLANG_ANALYZER_NUMBER_OBJECT_CONVERSION = YES_AGGRESSIVE;
				CLANG_CXX_LANGUAGE_STANDARD = "gnu++14";
				CLANG_CXX_LIBRARY = "libc++";
				CLANG_ENABLE_MODULES = YES;
				CLANG_ENABLE_OBJC_ARC = YES;
				CLANG_ENABLE_OBJC_WEAK = YES;
				CLANG_WARN_BLOCK_CAPTURE_AUTORELEASING = YES;
				CLANG_WARN_BOOL_CONVERSION = YES;
				CLANG_WARN_COMMA = YES;
				CLANG_WARN_CONSTANT_CONVERSION = YES;
				CLANG_WARN_DEPRECATED_OBJC_IMPLEMENTATIONS = YES;
				CLANG_WARN_DIRECT_OBJC_ISA_USAGE = YES_ERROR;
				CLANG_WARN_DOCUMENTATION_COMMENTS = YES;
				CLANG_WARN_EMPTY_BODY = YES;
				CLANG_WARN_ENUM_CONVERSION = YES;
				CLANG_WARN_INFINITE_RECURSION = YES;
				CLANG_WARN_INT_CONVERSION = YES;
				CLANG_WARN_NON_LITERAL_NULL_CONVERSION = YES;
				CLANG_WARN_OBJC_IMPLICIT_RETAIN_SELF = YES;
				CLANG_WARN_OBJC_LITERAL_CONVERSION = YES;
				CLANG_WARN_OBJC_ROOT_CLASS = YES_ERROR;
				CLANG_WARN_RANGE_LOOP_ANALYSIS = YES;
				CLANG_WARN_STRICT_PROTOTYPES = YES;
				CLANG_WARN_SUSPICIOUS_MOVE = YES;
				CLANG_WARN_UNGUARDED_AVAILABILITY = YES_AGGRESSIVE;
				CLANG_WARN_UNREACHABLE_CODE = YES;
				CLANG_WARN__DUPLICATE_METHOD_MATCH = YES;
				COPY_PHASE_STRIP = NO;
				DEBUG_INFORMATION_FORMAT = dwarf;
				ENABLE_STRICT_OBJC_MSGSEND = YES;
				ENABLE_TESTABILITY = YES;
				GCC_C_LANGUAGE_STANDARD = gnu11;
				GCC_DYNAMIC_NO_PIC = NO;
				GCC_NO_COMMON_BLOCKS = YES;
				GCC_OPTIMIZATION_LEVEL = 0;
				GCC_PREPROCESSOR_DEFINITIONS = (
					"DEBUG=1",
					"$(inherited)",
				);
				GCC_WARN_64_TO_32_BIT_CONVERSION = YES;
				GCC_WARN_ABOUT_RETURN_TYPE = YES_ERROR;
				GCC_WARN_UNDECLARED_SELECTOR = YES;
				GCC_WARN_UNINITIALIZED_AUTOS = YES_AGGRESSIVE;
				GCC_WARN_UNUSED_FUNCTION = YES;
				GCC_WARN_UNUSED_VARIABLE = YES;
				MACOSX_DEPLOYMENT_TARGET = 10.15;
				MTL_ENABLE_DEBUG_INFO = INCLUDE_SOURCE;
				MTL_FAST_MATH = YES;
				ONLY_ACTIVE_ARCH = YES;
				SDKROOT = macosx;
			};
			name = Debug;
		};
		8B91937C23B89F0C00533FA9 /* Release */ = {
			isa = XCBuildConfiguration;
			buildSettings = {
				ALWAYS_SEARCH_USER_PATHS = NO;
				CLANG_ANALYZER_NONNULL = YES;
				CLANG_ANALYZER_NUMBER_OBJECT_CONVERSION = YES_AGGRESSIVE;
				CLANG_CXX_LANGUAGE_STANDARD = "gnu++14";
				CLANG_CXX_LIBRARY = "libc++";
				CLANG_ENABLE_MODULES = YES;
				CLANG_ENABLE_OBJC_ARC = YES;
				CLANG_ENABLE_OBJC_WEAK = YES;
				CLANG_WARN_BLOCK_CAPTURE_AUTORELEASING = YES;
				CLANG_WARN_BOOL_CONVERSION = YES;
				CLANG_WARN_COMMA = YES;
				CLANG_WARN_CONSTANT_CONVERSION = YES;
				CLANG_WARN_DEPRECATED_OBJC_IMPLEMENTATIONS = YES;
				CLANG_WARN_DIRECT_OBJC_ISA_USAGE = YES_ERROR;
				CLANG_WARN_DOCUMENTATION_COMMENTS = YES;
				CLANG_WARN_EMPTY_BODY = YES;
				CLANG_WARN_ENUM_CONVERSION = YES;
				CLANG_WARN_INFINITE_RECURSION = YES;
				CLANG_WARN_INT_CONVERSION = YES;
				CLANG_WARN_NON_LITERAL_NULL_CONVERSION = YES;
				CLANG_WARN_OBJC_IMPLICIT_RETAIN_SELF = YES;
				CLANG_WARN_OBJC_LITERAL_CONVERSION = YES;
				CLANG_WARN_OBJC_ROOT_CLASS = YES_ERROR;
				CLANG_WARN_RANGE_LOOP_ANALYSIS = YES;
				CLANG_WARN_STRICT_PROTOTYPES = YES;
				CLANG_WARN_SUSPICIOUS_MOVE = YES;
				CLANG_WARN_UNGUARDED_AVAILABILITY = YES_AGGRESSIVE;
				CLANG_WARN_UNREACHABLE_CODE = YES;
				CLANG_WARN__DUPLICATE_METHOD_MATCH = YES;
				COPY_PHASE_STRIP = NO;
				DEBUG_INFORMATION_FORMAT = "dwarf-with-dsym";
				ENABLE_NS_ASSERTIONS = NO;
				ENABLE_STRICT_OBJC_MSGSEND = YES;
				GCC_C_LANGUAGE_STANDARD = gnu11;
				GCC_NO_COMMON_BLOCKS = YES;
				GCC_WARN_64_TO_32_BIT_CONVERSION = YES;
				GCC_WARN_ABOUT_RETURN_TYPE = YES_ERROR;
				GCC_WARN_UNDECLARED_SELECTOR = YES;
				GCC_WARN_UNINITIALIZED_AUTOS = YES_AGGRESSIVE;
				GCC_WARN_UNUSED_FUNCTION = YES;
				GCC_WARN_UNUSED_VARIABLE = YES;
				MACOSX_DEPLOYMENT_TARGET = 10.15;
				MTL_ENABLE_DEBUG_INFO = NO;
				MTL_FAST_MATH = YES;
				SDKROOT = macosx;
			};
			name = Release;
		};
		8B91937E23B89F0C00533FA9 /* Debug */ = {
			isa = XCBuildConfiguration;
			buildSettings = {
				CODE_SIGN_STYLE = Automatic;
				DEVELOPMENT_TEAM = 829M9HM784;
				ENABLE_HARDENED_RUNTIME = YES;
				PRODUCT_NAME = "$(TARGET_NAME)";
			};
			name = Debug;
		};
		8B91937F23B89F0C00533FA9 /* Release */ = {
			isa = XCBuildConfiguration;
			buildSettings = {
				CODE_SIGN_STYLE = Automatic;
				DEVELOPMENT_TEAM = 829M9HM784;
				ENABLE_HARDENED_RUNTIME = YES;
				PRODUCT_NAME = "$(TARGET_NAME)";
			};
			name = Release;
		};
		8B91938D23B8CE5800533FA9 /* Debug */ = {
			isa = XCBuildConfiguration;
			buildSettings = {
				CODE_SIGN_STYLE = Automatic;
				COMBINE_HIDPI_IMAGES = YES;
				DEVELOPMENT_TEAM = 829M9HM784;
				INFOPLIST_FILE = TestPeakFinder1D/Info.plist;
				LD_RUNPATH_SEARCH_PATHS = (
					"$(inherited)",
					"@executable_path/../Frameworks",
					"@loader_path/../Frameworks",
				);
				PRODUCT_BUNDLE_IDENTIFIER = holgerhschmidt.de.TestPeakFinder1D;
				PRODUCT_NAME = "$(TARGET_NAME)";
			};
			name = Debug;
		};
		8B91938E23B8CE5800533FA9 /* Release */ = {
			isa = XCBuildConfiguration;
			buildSettings = {
				CODE_SIGN_STYLE = Automatic;
				COMBINE_HIDPI_IMAGES = YES;
				DEVELOPMENT_TEAM = 829M9HM784;
				INFOPLIST_FILE = TestPeakFinder1D/Info.plist;
				LD_RUNPATH_SEARCH_PATHS = (
					"$(inherited)",
					"@executable_path/../Frameworks",
					"@loader_path/../Frameworks",
				);
				PRODUCT_BUNDLE_IDENTIFIER = holgerhschmidt.de.TestPeakFinder1D;
				PRODUCT_NAME = "$(TARGET_NAME)";
			};
			name = Release;
		};
/* End XCBuildConfiguration section */

/* Begin XCConfigurationList section */
		8B91937123B89F0C00533FA9 /* Build configuration list for PBXProject "PeakFinder" */ = {
			isa = XCConfigurationList;
			buildConfigurations = (
				8B91937B23B89F0C00533FA9 /* Debug */,
				8B91937C23B89F0C00533FA9 /* Release */,
			);
			defaultConfigurationIsVisible = 0;
			defaultConfigurationName = Release;
		};
		8B91937D23B89F0C00533FA9 /* Build configuration list for PBXNativeTarget "PeakFinder" */ = {
			isa = XCConfigurationList;
			buildConfigurations = (
				8B91937E23B89F0C00533FA9 /* Debug */,
				8B91937F23B89F0C00533FA9 /* Release */,
			);
			defaultConfigurationIsVisible = 0;
			defaultConfigurationName = Release;
		};
		8B91938C23B8CE5800533FA9 /* Build configuration list for PBXNativeTarget "TestPeakFinder1D" */ = {
			isa = XCConfigurationList;
			buildConfigurations = (
				8B91938D23B8CE5800533FA9 /* Debug */,
				8B91938E23B8CE5800533FA9 /* Release */,
			);
			defaultConfigurationIsVisible = 0;
			defaultConfigurationName = Release;
		};
/* End XCConfigurationList section */
	};
	rootObject = 8B91936E23B89F0C00533FA9 /* Project object */;
}
